
Microsoft Visual Studio Solution File, Format Version 12.00
# Visual Studio Version 17
VisualStudioVersion = 17.2.32602.215
MinimumVisualStudioVersion = 10.0.40219.1
Project("{FAE04EC0-301F-11D3-BF4B-00C04F79EFBC}") = "LeaveManagement.Web", "LeaveManagement.Web\LeaveManagement.Web.csproj", "{CAB4B71D-972A-4530-A2C3-280365778C1D}"
EndProject
Global
	GlobalSection(SolutionConfigurationPlatforms) = preSolution
		Debug|Any CPU = Debug|Any CPU
		Release|Any CPU = Release|Any CPU
	EndGlobalSection
	GlobalSection(ProjectConfigurationPlatforms) = postSolution
		{CAB4B71D-972A-4530-A2C3-280365778C1D}.Debug|Any CPU.ActiveCfg = Debug|Any CPU
		{CAB4B71D-972A-4530-A2C3-280365778C1D}.Debug|Any CPU.Build.0 = Debug|Any CPU
		{CAB4B71D-972A-4530-A2C3-280365778C1D}.Release|Any CPU.ActiveCfg = Release|Any CPU
		{CAB4B71D-972A-4530-A2C3-280365778C1D}.Release|Any CPU.Build.0 = Release|Any CPU
	EndGlobalSection
	GlobalSection(SolutionProperties) = preSolution
		HideSolutionNode = FALSE
	EndGlobalSection
	GlobalSection(ExtensibilityGlobals) = postSolution
		SolutionGuid = {7AF28816-E9CA-45F0-B6E8-EA311219F3A9}
	EndGlobalSection
EndGlobal
